
Microsoft Visual Studio Solution File, Format Version 12.00
Project("{FAE04EC0-301F-11D3-BF4B-00C04F79EFBC}") = "ColinChang.InteropNet", "ColinChang.InteropNet\ColinChang.InteropNet.csproj", "{46D41B25-5EBD-4845-B5D5-006E27E19475}"
EndProject
Project("{FAE04EC0-301F-11D3-BF4B-00C04F79EFBC}") = "ColinChang.InteropNet.Sample", "ColinChang.InteropNet.Sample\ColinChang.InteropNet.Sample.csproj", "{F3BBAFFC-130F-46D6-A3A3-D423935C7ED9}"
EndProject
Global
	GlobalSection(SolutionConfigurationPlatforms) = preSolution
		Debug|Any CPU = Debug|Any CPU
		Release|Any CPU = Release|Any CPU
	EndGlobalSection
	GlobalSection(ProjectConfigurationPlatforms) = postSolution
		{46D41B25-5EBD-4845-B5D5-006E27E19475}.Debug|Any CPU.ActiveCfg = Debug|Any CPU
		{46D41B25-5EBD-4845-B5D5-006E27E19475}.Debug|Any CPU.Build.0 = Debug|Any CPU
		{46D41B25-5EBD-4845-B5D5-006E27E19475}.Release|Any CPU.ActiveCfg = Release|Any CPU
		{46D41B25-5EBD-4845-B5D5-006E27E19475}.Release|Any CPU.Build.0 = Release|Any CPU
		{F3BBAFFC-130F-46D6-A3A3-D423935C7ED9}.Debug|Any CPU.ActiveCfg = Debug|Any CPU
		{F3BBAFFC-130F-46D6-A3A3-D423935C7ED9}.Debug|Any CPU.Build.0 = Debug|Any CPU
		{F3BBAFFC-130F-46D6-A3A3-D423935C7ED9}.Release|Any CPU.ActiveCfg = Release|Any CPU
		{F3BBAFFC-130F-46D6-A3A3-D423935C7ED9}.Release|Any CPU.Build.0 = Release|Any CPU
	EndGlobalSection
EndGlobal
